// !$*UTF8*$!
{
	archiveVersion = 1;
	classes = {
	};
	objectVersion = 50;
	objects = {

/* Begin PBXBuildFile section */
		BB40BBA1228E035B002A45D6 /* HeartBeatGenerator.m in Sources */ = {isa = PBXBuildFile; fileRef = BB40BBA0228E035B002A45D6 /* HeartBeatGenerator.m */; };
		BB40BBA5228E0C71002A45D6 /* HeartBeatManager.m in Sources */ = {isa = PBXBuildFile; fileRef = BB40BBA4228E0C71002A45D6 /* HeartBeatManager.m */; };
		BB40BBA8228E1541002A45D6 /* HeartBeatObject.m in Sources */ = {isa = PBXBuildFile; fileRef = BB40BBA7228E1541002A45D6 /* HeartBeatObject.m */; };
		BB40BBAB228E175E002A45D6 /* HeartBeatServer.m in Sources */ = {isa = PBXBuildFile; fileRef = BB40BBAA228E175E002A45D6 /* HeartBeatServer.m */; };
		BB7CBB3C228DF84800C0EDE6 /* AppDelegate.m in Sources */ = {isa = PBXBuildFile; fileRef = BB7CBB3B228DF84800C0EDE6 /* AppDelegate.m */; };
		BB7CBB3F228DF84800C0EDE6 /* ViewController.m in Sources */ = {isa = PBXBuildFile; fileRef = BB7CBB3E228DF84800C0EDE6 /* ViewController.m */; };
		BB7CBB42228DF84800C0EDE6 /* Main.storyboard in Resources */ = {isa = PBXBuildFile; fileRef = BB7CBB40228DF84800C0EDE6 /* Main.storyboard */; };
		BB7CBB44228DF84A00C0EDE6 /* Assets.xcassets in Resources */ = {isa = PBXBuildFile; fileRef = BB7CBB43228DF84A00C0EDE6 /* Assets.xcassets */; };
		BB7CBB47228DF84A00C0EDE6 /* LaunchScreen.storyboard in Resources */ = {isa = PBXBuildFile; fileRef = BB7CBB45228DF84A00C0EDE6 /* LaunchScreen.storyboard */; };
		BB7CBB4A228DF84A00C0EDE6 /* main.m in Sources */ = {isa = PBXBuildFile; fileRef = BB7CBB49228DF84A00C0EDE6 /* main.m */; };
		BBF93AC2228ECCB3005E6565 /* HeartBeatBubbleView.m in Sources */ = {isa = PBXBuildFile; fileRef = BBF93AC1228ECCB3005E6565 /* HeartBeatBubbleView.m */; };
		BBF93AC52290C402005E6565 /* HeartBeatBufferView.m in Sources */ = {isa = PBXBuildFile; fileRef = BBF93AC42290C402005E6565 /* HeartBeatBufferView.m */; };
		BBF93AC82292ABDA005E6565 /* HeartBeatSingleBeatView.m in Sources */ = {isa = PBXBuildFile; fileRef = BBF93AC72292ABDA005E6565 /* HeartBeatSingleBeatView.m */; };
		BBF93ACA2292B1F5005E6565 /* heart.png in Resources */ = {isa = PBXBuildFile; fileRef = BBF93AC92292B1F5005E6565 /* heart.png */; };
/* End PBXBuildFile section */

/* Begin PBXFileReference section */
		BB40BBA0228E035B002A45D6 /* HeartBeatGenerator.m */ = {isa = PBXFileReference; lastKnownFileType = sourcecode.c.objc; path = HeartBeatGenerator.m; sourceTree = "<group>"; };
		BB40BBA2228E060F002A45D6 /* HeartBeatGenerator.h */ = {isa = PBXFileReference; lastKnownFileType = sourcecode.c.h; path = HeartBeatGenerator.h; sourceTree = "<group>"; };
		BB40BBA3228E0C71002A45D6 /* HeartBeatManager.h */ = {isa = PBXFileReference; lastKnownFileType = sourcecode.c.h; path = HeartBeatManager.h; sourceTree = "<group>"; };
		BB40BBA4228E0C71002A45D6 /* HeartBeatManager.m */ = {isa = PBXFileReference; lastKnownFileType = sourcecode.c.objc; path = HeartBeatManager.m; sourceTree = "<group>"; };
		BB40BBA6228E1541002A45D6 /* HeartBeatObject.h */ = {isa = PBXFileReference; lastKnownFileType = sourcecode.c.h; path = HeartBeatObject.h; sourceTree = "<group>"; };
		BB40BBA7228E1541002A45D6 /* HeartBeatObject.m */ = {isa = PBXFileReference; lastKnownFileType = sourcecode.c.objc; path = HeartBeatObject.m; sourceTree = "<group>"; };
		BB40BBA9228E175E002A45D6 /* HeartBeatServer.h */ = {isa = PBXFileReference; lastKnownFileType = sourcecode.c.h; path = HeartBeatServer.h; sourceTree = "<group>"; };
		BB40BBAA228E175E002A45D6 /* HeartBeatServer.m */ = {isa = PBXFileReference; lastKnownFileType = sourcecode.c.objc; path = HeartBeatServer.m; sourceTree = "<group>"; };
		BB7CBB37228DF84800C0EDE6 /* HeartBeatSync.app */ = {isa = PBXFileReference; explicitFileType = wrapper.application; includeInIndex = 0; path = HeartBeatSync.app; sourceTree = BUILT_PRODUCTS_DIR; };
		BB7CBB3A228DF84800C0EDE6 /* AppDelegate.h */ = {isa = PBXFileReference; lastKnownFileType = sourcecode.c.h; path = AppDelegate.h; sourceTree = "<group>"; };
		BB7CBB3B228DF84800C0EDE6 /* AppDelegate.m */ = {isa = PBXFileReference; lastKnownFileType = sourcecode.c.objc; path = AppDelegate.m; sourceTree = "<group>"; };
		BB7CBB3D228DF84800C0EDE6 /* ViewController.h */ = {isa = PBXFileReference; lastKnownFileType = sourcecode.c.h; path = ViewController.h; sourceTree = "<group>"; };
		BB7CBB3E228DF84800C0EDE6 /* ViewController.m */ = {isa = PBXFileReference; lastKnownFileType = sourcecode.c.objc; path = ViewController.m; sourceTree = "<group>"; };
		BB7CBB41228DF84800C0EDE6 /* Base */ = {isa = PBXFileReference; lastKnownFileType = file.storyboard; name = Base; path = Base.lproj/Main.storyboard; sourceTree = "<group>"; };
		BB7CBB43228DF84A00C0EDE6 /* Assets.xcassets */ = {isa = PBXFileReference; lastKnownFileType = folder.assetcatalog; path = Assets.xcassets; sourceTree = "<group>"; };
		BB7CBB46228DF84A00C0EDE6 /* Base */ = {isa = PBXFileReference; lastKnownFileType = file.storyboard; name = Base; path = Base.lproj/LaunchScreen.storyboard; sourceTree = "<group>"; };
		BB7CBB48228DF84A00C0EDE6 /* Info.plist */ = {isa = PBXFileReference; lastKnownFileType = text.plist.xml; path = Info.plist; sourceTree = "<group>"; };
		BB7CBB49228DF84A00C0EDE6 /* main.m */ = {isa = PBXFileReference; lastKnownFileType = sourcecode.c.objc; path = main.m; sourceTree = "<group>"; };
		BBF93AC0228ECCB3005E6565 /* HeartBeatBubbleView.h */ = {isa = PBXFileReference; lastKnownFileType = sourcecode.c.h; path = HeartBeatBubbleView.h; sourceTree = "<group>"; };
		BBF93AC1228ECCB3005E6565 /* HeartBeatBubbleView.m */ = {isa = PBXFileReference; lastKnownFileType = sourcecode.c.objc; path = HeartBeatBubbleView.m; sourceTree = "<group>"; };
		BBF93AC32290C402005E6565 /* HeartBeatBufferView.h */ = {isa = PBXFileReference; lastKnownFileType = sourcecode.c.h; path = HeartBeatBufferView.h; sourceTree = "<group>"; };
		BBF93AC42290C402005E6565 /* HeartBeatBufferView.m */ = {isa = PBXFileReference; lastKnownFileType = sourcecode.c.objc; path = HeartBeatBufferView.m; sourceTree = "<group>"; };
		BBF93AC62292ABDA005E6565 /* HeartBeatSingleBeatView.h */ = {isa = PBXFileReference; lastKnownFileType = sourcecode.c.h; path = HeartBeatSingleBeatView.h; sourceTree = "<group>"; };
		BBF93AC72292ABDA005E6565 /* HeartBeatSingleBeatView.m */ = {isa = PBXFileReference; lastKnownFileType = sourcecode.c.objc; path = HeartBeatSingleBeatView.m; sourceTree = "<group>"; };
		BBF93AC92292B1F5005E6565 /* heart.png */ = {isa = PBXFileReference; lastKnownFileType = image.png; path = heart.png; sourceTree = "<group>"; };
/* End PBXFileReference section */

/* Begin PBXFrameworksBuildPhase section */
		BB7CBB34228DF84800C0EDE6 /* Frameworks */ = {
			isa = PBXFrameworksBuildPhase;
			buildActionMask = 2147483647;
			files = (
			);
			runOnlyForDeploymentPostprocessing = 0;
		};
/* End PBXFrameworksBuildPhase section */

/* Begin PBXGroup section */
		BB7CBB2E228DF84800C0EDE6 = {
			isa = PBXGroup;
			children = (
				BB7CBB39228DF84800C0EDE6 /* HeartBeatSync */,
				BB7CBB38228DF84800C0EDE6 /* Products */,
			);
			sourceTree = "<group>";
		};
		BB7CBB38228DF84800C0EDE6 /* Products */ = {
			isa = PBXGroup;
			children = (
				BB7CBB37228DF84800C0EDE6 /* HeartBeatSync.app */,
			);
			name = Products;
			sourceTree = "<group>";
		};
		BB7CBB39228DF84800C0EDE6 /* HeartBeatSync */ = {
			isa = PBXGroup;
			children = (
				BBF93AC92292B1F5005E6565 /* heart.png */,
				BB7CBB3A228DF84800C0EDE6 /* AppDelegate.h */,
				BB7CBB3B228DF84800C0EDE6 /* AppDelegate.m */,
				BB7CBB3D228DF84800C0EDE6 /* ViewController.h */,
				BB7CBB3E228DF84800C0EDE6 /* ViewController.m */,
				BBF93AC62292ABDA005E6565 /* HeartBeatSingleBeatView.h */,
				BBF93AC72292ABDA005E6565 /* HeartBeatSingleBeatView.m */,
				BBF93AC32290C402005E6565 /* HeartBeatBufferView.h */,
				BBF93AC42290C402005E6565 /* HeartBeatBufferView.m */,
				BBF93AC0228ECCB3005E6565 /* HeartBeatBubbleView.h */,
				BBF93AC1228ECCB3005E6565 /* HeartBeatBubbleView.m */,
				BB40BBA6228E1541002A45D6 /* HeartBeatObject.h */,
				BB40BBA7228E1541002A45D6 /* HeartBeatObject.m */,
				BB40BBA2228E060F002A45D6 /* HeartBeatGenerator.h */,
				BB40BBA0228E035B002A45D6 /* HeartBeatGenerator.m */,
				BB40BBA9228E175E002A45D6 /* HeartBeatServer.h */,
				BB40BBAA228E175E002A45D6 /* HeartBeatServer.m */,
				BB40BBA3228E0C71002A45D6 /* HeartBeatManager.h */,
				BB40BBA4228E0C71002A45D6 /* HeartBeatManager.m */,
				BB7CBB40228DF84800C0EDE6 /* Main.storyboard */,
				BB7CBB43228DF84A00C0EDE6 /* Assets.xcassets */,
				BB7CBB45228DF84A00C0EDE6 /* LaunchScreen.storyboard */,
				BB7CBB48228DF84A00C0EDE6 /* Info.plist */,
				BB7CBB49228DF84A00C0EDE6 /* main.m */,
			);
			path = HeartBeatSync;
			sourceTree = "<group>";
		};
/* End PBXGroup section */

/* Begin PBXNativeTarget section */
		BB7CBB36228DF84800C0EDE6 /* HeartBeatSync */ = {
			isa = PBXNativeTarget;
			buildConfigurationList = BB7CBB4D228DF84A00C0EDE6 /* Build configuration list for PBXNativeTarget "HeartBeatSync" */;
			buildPhases = (
				BB7CBB33228DF84800C0EDE6 /* Sources */,
				BB7CBB34228DF84800C0EDE6 /* Frameworks */,
				BB7CBB35228DF84800C0EDE6 /* Resources */,
			);
			buildRules = (
			);
			dependencies = (
			);
			name = HeartBeatSync;
			productName = HeartBeatSync;
			productReference = BB7CBB37228DF84800C0EDE6 /* HeartBeatSync.app */;
			productType = "com.apple.product-type.application";
		};
/* End PBXNativeTarget section */

/* Begin PBXProject section */
		BB7CBB2F228DF84800C0EDE6 /* Project object */ = {
			isa = PBXProject;
			attributes = {
				LastUpgradeCheck = 0930;
				ORGANIZATIONNAME = "Muhammad Khalil";
				TargetAttributes = {
					BB7CBB36228DF84800C0EDE6 = {
						CreatedOnToolsVersion = 9.3.1;
					};
				};
			};
			buildConfigurationList = BB7CBB32228DF84800C0EDE6 /* Build configuration list for PBXProject "HeartBeatSync" */;
			compatibilityVersion = "Xcode 9.3";
			developmentRegion = en;
			hasScannedForEncodings = 0;
			knownRegions = (
				en,
				Base,
			);
			mainGroup = BB7CBB2E228DF84800C0EDE6;
			productRefGroup = BB7CBB38228DF84800C0EDE6 /* Products */;
			projectDirPath = "";
			projectRoot = "";
			targets = (
				BB7CBB36228DF84800C0EDE6 /* HeartBeatSync */,
			);
		};
/* End PBXProject section */

/* Begin PBXResourcesBuildPhase section */
		BB7CBB35228DF84800C0EDE6 /* Resources */ = {
			isa = PBXResourcesBuildPhase;
			buildActionMask = 2147483647;
			files = (
				BB7CBB47228DF84A00C0EDE6 /* LaunchScreen.storyboard in Resources */,
				BB7CBB44228DF84A00C0EDE6 /* Assets.xcassets in Resources */,
				BBF93ACA2292B1F5005E6565 /* heart.png in Resources */,
				BB7CBB42228DF84800C0EDE6 /* Main.storyboard in Resources */,
			);
			runOnlyForDeploymentPostprocessing = 0;
		};
/* End PBXResourcesBuildPhase section */

/* Begin PBXSourcesBuildPhase section */
		BB7CBB33228DF84800C0EDE6 /* Sources */ = {
			isa = PBXSourcesBuildPhase;
			buildActionMask = 2147483647;
			files = (
				BB40BBA5228E0C71002A45D6 /* HeartBeatManager.m in Sources */,
				BB7CBB3F228DF84800C0EDE6 /* ViewController.m in Sources */,
				BB40BBAB228E175E002A45D6 /* HeartBeatServer.m in Sources */,
				BB7CBB4A228DF84A00C0EDE6 /* main.m in Sources */,
				BB40BBA8228E1541002A45D6 /* HeartBeatObject.m in Sources */,
				BBF93AC82292ABDA005E6565 /* HeartBeatSingleBeatView.m in Sources */,
				BB40BBA1228E035B002A45D6 /* HeartBeatGenerator.m in Sources */,
				BBF93AC52290C402005E6565 /* HeartBeatBufferView.m in Sources */,
				BB7CBB3C228DF84800C0EDE6 /* AppDelegate.m in Sources */,
				BBF93AC2228ECCB3005E6565 /* HeartBeatBubbleView.m in Sources */,
			);
			runOnlyForDeploymentPostprocessing = 0;
		};
/* End PBXSourcesBuildPhase section */

/* Begin PBXVariantGroup section */
		BB7CBB40228DF84800C0EDE6 /* Main.storyboard */ = {
			isa = PBXVariantGroup;
			children = (
				BB7CBB41228DF84800C0EDE6 /* Base */,
			);
			name = Main.storyboard;
			sourceTree = "<group>";
		};
		BB7CBB45228DF84A00C0EDE6 /* LaunchScreen.storyboard */ = {
			isa = PBXVariantGroup;
			children = (
				BB7CBB46228DF84A00C0EDE6 /* Base */,
			);
			name = LaunchScreen.storyboard;
			sourceTree = "<group>";
		};
/* End PBXVariantGroup section */

/* Begin XCBuildConfiguration section */
		BB7CBB4B228DF84A00C0EDE6 /* Debug */ = {
			isa = XCBuildConfiguration;
			buildSettings = {
				ALWAYS_SEARCH_USER_PATHS = NO;
				CLANG_ANALYZER_NONNULL = YES;
				CLANG_ANALYZER_NUMBER_OBJECT_CONVERSION = YES_AGGRESSIVE;
				CLANG_CXX_LANGUAGE_STANDARD = "gnu++14";
				CLANG_CXX_LIBRARY = "libc++";
				CLANG_ENABLE_MODULES = YES;
				CLANG_ENABLE_OBJC_ARC = YES;
				CLANG_ENABLE_OBJC_WEAK = YES;
				CLANG_WARN_BLOCK_CAPTURE_AUTORELEASING = YES;
				CLANG_WARN_BOOL_CONVERSION = YES;
				CLANG_WARN_COMMA = YES;
				CLANG_WARN_CONSTANT_CONVERSION = YES;
				CLANG_WARN_DEPRECATED_OBJC_IMPLEMENTATIONS = YES;
				CLANG_WARN_DIRECT_OBJC_ISA_USAGE = YES_ERROR;
				CLANG_WARN_DOCUMENTATION_COMMENTS = YES;
				CLANG_WARN_EMPTY_BODY = YES;
				CLANG_WARN_ENUM_CONVERSION = YES;
				CLANG_WARN_INFINITE_RECURSION = YES;
				CLANG_WARN_INT_CONVERSION = YES;
				CLANG_WARN_NON_LITERAL_NULL_CONVERSION = YES;
				CLANG_WARN_OBJC_IMPLICIT_RETAIN_SELF = YES;
				CLANG_WARN_OBJC_LITERAL_CONVERSION = YES;
				CLANG_WARN_OBJC_ROOT_CLASS = YES_ERROR;
				CLANG_WARN_RANGE_LOOP_ANALYSIS = YES;
				CLANG_WARN_STRICT_PROTOTYPES = YES;
				CLANG_WARN_SUSPICIOUS_MOVE = YES;
				CLANG_WARN_UNGUARDED_AVAILABILITY = YES_AGGRESSIVE;
				CLANG_WARN_UNREACHABLE_CODE = YES;
				CLANG_WARN__DUPLICATE_METHOD_MATCH = YES;
				CODE_SIGN_IDENTITY = "iPhone Developer";
				COPY_PHASE_STRIP = NO;
				DEBUG_INFORMATION_FORMAT = dwarf;
				ENABLE_STRICT_OBJC_MSGSEND = YES;
				ENABLE_TESTABILITY = YES;
				GCC_C_LANGUAGE_STANDARD = gnu11;
				GCC_DYNAMIC_NO_PIC = NO;
				GCC_NO_COMMON_BLOCKS = YES;
				GCC_OPTIMIZATION_LEVEL = 0;
				GCC_PREPROCESSOR_DEFINITIONS = (
					"DEBUG=1",
					"$(inherited)",
				);
				GCC_WARN_64_TO_32_BIT_CONVERSION = YES;
				GCC_WARN_ABOUT_RETURN_TYPE = YES_ERROR;
				GCC_WARN_UNDECLARED_SELECTOR = YES;
				GCC_WARN_UNINITIALIZED_AUTOS = YES_AGGRESSIVE;
				GCC_WARN_UNUSED_FUNCTION = YES;
				GCC_WARN_UNUSED_VARIABLE = YES;
				IPHONEOS_DEPLOYMENT_TARGET = 11.3;
				MTL_ENABLE_DEBUG_INFO = YES;
				ONLY_ACTIVE_ARCH = YES;
				SDKROOT = iphoneos;
			};
			name = Debug;
		};
		BB7CBB4C228DF84A00C0EDE6 /* Release */ = {
			isa = XCBuildConfiguration;
			buildSettings = {
				ALWAYS_SEARCH_USER_PATHS = NO;
				CLANG_ANALYZER_NONNULL = YES;
				CLANG_ANALYZER_NUMBER_OBJECT_CONVERSION = YES_AGGRESSIVE;
				CLANG_CXX_LANGUAGE_STANDARD = "gnu++14";
				CLANG_CXX_LIBRARY = "libc++";
				CLANG_ENABLE_MODULES = YES;
				CLANG_ENABLE_OBJC_ARC = YES;
				CLANG_ENABLE_OBJC_WEAK = YES;
				CLANG_WARN_BLOCK_CAPTURE_AUTORELEASING = YES;
				CLANG_WARN_BOOL_CONVERSION = YES;
				CLANG_WARN_COMMA = YES;
				CLANG_WARN_CONSTANT_CONVERSION = YES;
				CLANG_WARN_DEPRECATED_OBJC_IMPLEMENTATIONS = YES;
				CLANG_WARN_DIRECT_OBJC_ISA_USAGE = YES_ERROR;
				CLANG_WARN_DOCUMENTATION_COMMENTS = YES;
				CLANG_WARN_EMPTY_BODY = YES;
				CLANG_WARN_ENUM_CONVERSION = YES;
				CLANG_WARN_INFINITE_RECURSION = YES;
				CLANG_WARN_INT_CONVERSION = YES;
				CLANG_WARN_NON_LITERAL_NULL_CONVERSION = YES;
				CLANG_WARN_OBJC_IMPLICIT_RETAIN_SELF = YES;
				CLANG_WARN_OBJC_LITERAL_CONVERSION = YES;
				CLANG_WARN_OBJC_ROOT_CLASS = YES_ERROR;
				CLANG_WARN_RANGE_LOOP_ANALYSIS = YES;
				CLANG_WARN_STRICT_PROTOTYPES = YES;
				CLANG_WARN_SUSPICIOUS_MOVE = YES;
				CLANG_WARN_UNGUARDED_AVAILABILITY = YES_AGGRESSIVE;
				CLANG_WARN_UNREACHABLE_CODE = YES;
				CLANG_WARN__DUPLICATE_METHOD_MATCH = YES;
				CODE_SIGN_IDENTITY = "iPhone Developer";
				COPY_PHASE_STRIP = NO;
				DEBUG_INFORMATION_FORMAT = "dwarf-with-dsym";
				ENABLE_NS_ASSERTIONS = NO;
				ENABLE_STRICT_OBJC_MSGSEND = YES;
				GCC_C_LANGUAGE_STANDARD = gnu11;
				GCC_NO_COMMON_BLOCKS = YES;
				GCC_WARN_64_TO_32_BIT_CONVERSION = YES;
				GCC_WARN_ABOUT_RETURN_TYPE = YES_ERROR;
				GCC_WARN_UNDECLARED_SELECTOR = YES;
				GCC_WARN_UNINITIALIZED_AUTOS = YES_AGGRESSIVE;
				GCC_WARN_UNUSED_FUNCTION = YES;
				GCC_WARN_UNUSED_VARIABLE = YES;
				IPHONEOS_DEPLOYMENT_TARGET = 11.3;
				MTL_ENABLE_DEBUG_INFO = NO;
				SDKROOT = iphoneos;
				VALIDATE_PRODUCT = YES;
			};
			name = Release;
		};
		BB7CBB4E228DF84A00C0EDE6 /* Debug */ = {
			isa = XCBuildConfiguration;
			buildSettings = {
				ASSETCATALOG_COMPILER_APPICON_NAME = AppIcon;
				CODE_SIGN_STYLE = Automatic;
				INFOPLIST_FILE = HeartBeatSync/Info.plist;
				LD_RUNPATH_SEARCH_PATHS = (
					"$(inherited)",
					"@executable_path/Frameworks",
				);
				PRODUCT_BUNDLE_IDENTIFIER = mukhalil.HeartBeatSync;
				PRODUCT_NAME = "$(TARGET_NAME)";
				TARGETED_DEVICE_FAMILY = "1,2";
			};
			name = Debug;
		};
		BB7CBB4F228DF84A00C0EDE6 /* Release */ = {
			isa = XCBuildConfiguration;
			buildSettings = {
				ASSETCATALOG_COMPILER_APPICON_NAME = AppIcon;
				CODE_SIGN_STYLE = Automatic;
				INFOPLIST_FILE = HeartBeatSync/Info.plist;
				LD_RUNPATH_SEARCH_PATHS = (
					"$(inherited)",
					"@executable_path/Frameworks",
				);
				PRODUCT_BUNDLE_IDENTIFIER = mukhalil.HeartBeatSync;
				PRODUCT_NAME = "$(TARGET_NAME)";
				TARGETED_DEVICE_FAMILY = "1,2";
			};
			name = Release;
		};
/* End XCBuildConfiguration section */

/* Begin XCConfigurationList section */
		BB7CBB32228DF84800C0EDE6 /* Build configuration list for PBXProject "HeartBeatSync" */ = {
			isa = XCConfigurationList;
			buildConfigurations = (
				BB7CBB4B228DF84A00C0EDE6 /* Debug */,
				BB7CBB4C228DF84A00C0EDE6 /* Release */,
			);
			defaultConfigurationIsVisible = 0;
			defaultConfigurationName = Release;
		};
		BB7CBB4D228DF84A00C0EDE6 /* Build configuration list for PBXNativeTarget "HeartBeatSync" */ = {
			isa = XCConfigurationList;
			buildConfigurations = (
				BB7CBB4E228DF84A00C0EDE6 /* Debug */,
				BB7CBB4F228DF84A00C0EDE6 /* Release */,
			);
			defaultConfigurationIsVisible = 0;
			defaultConfigurationName = Release;
		};
/* End XCConfigurationList section */
	};
	rootObject = BB7CBB2F228DF84800C0EDE6 /* Project object */;
}
